<?xml version="1.0" encoding="utf-8"?>
<Project ToolsVersion="4.0" xmlns="http://schemas.microsoft.com/developer/msbuild/2003">
  <ItemGroup>
    <ClCompile Include="core\animatedSprite.cpp" />
    <ClCompile Include="core\context.cpp" />
    <ClCompile Include="core\graphicsRenderer.cpp" />
    <ClCompile Include="core\resourceManager.cpp" />
    <ClCompile Include="core\sprite.cpp" />
    <ClCompile Include="core\texture.cpp" />
    <ClCompile Include="core\inputManager.cpp" />
    <ClCompile Include="winmain.cpp" />
    <ClCompile Include="core\gameEntity.cpp" />
    <ClCompile Include="core\game.cpp" />
  </ItemGroup>
  <ItemGroup>
    <ClInclude Include="constants.h" />
    <ClInclude Include="core\animatedSprite.h" />
    <ClInclude Include="core\context.h" />
    <ClInclude Include="core\gameException.h" />
    <ClInclude Include="core\graphicsRenderer.h" />
    <ClInclude Include="core\math.h" />
    <ClInclude Include="core\resourceManager.h" />
    <ClInclude Include="core\sprite.h" />
    <ClInclude Include="core\texture.h" />
    <ClInclude Include="core\inputManager.h" />
    <ClInclude Include="core\gameEntity.h" />
    <ClInclude Include="core\game.h" />
  </ItemGroup>
</Project>