<?xml version="1.0" encoding="utf-8"?>
<Project ToolsVersion="4.0" xmlns="http://schemas.microsoft.com/developer/msbuild/2003">
  <ItemGroup>
    <ClCompile Include="src\context.cpp" />
    <ClCompile Include="src\winmain.cpp" />
    <ClCompile Include="src\core\sprites\animatedSprite.cpp" />
    <ClCompile Include="src\core\sprites\sprite.cpp" />
    <ClCompile Include="src\core\graphics\graphicsRenderer.cpp" />
    <ClCompile Include="src\core\graphics\texture.cpp" />
    <ClCompile Include="src\core\input\inputManager.cpp" />
    <ClCompile Include="src\core\resource\resourceManager.cpp" />
    <ClCompile Include="src\game\game.cpp" />
    <ClCompile Include="src\game\scene\scene.cpp" />
    <ClCompile Include="src\game\entity\gameEntity.cpp" />
  </ItemGroup>
  <ItemGroup>
    <ClInclude Include="src\constants.h" />
    <ClInclude Include="src\context.h" />
    <ClInclude Include="src\core\sprites\animatedSprite.h" />
    <ClInclude Include="src\core\sprites\sprite.h" />
    <ClInclude Include="src\core\graphics\graphicsRenderer.h" />
    <ClInclude Include="src\core\graphics\texture.h" />
    <ClInclude Include="src\core\input\inputManager.h" />
    <ClInclude Include="src\core\resource\resourceManager.h" />
    <ClInclude Include="src\game\resources.h" />
    <ClInclude Include="src\core\math.h" />
    <ClInclude Include="src\core\gameException.h" />
    <ClInclude Include="src\game\game.h" />
    <ClInclude Include="src\game\scene\scene.h" />
    <ClInclude Include="src\game\entity\gameEntity.h" />
  </ItemGroup>
</Project>