<?xml version="1.0" encoding="utf-8"?>
<Project ToolsVersion="4.0" xmlns="http://schemas.microsoft.com/developer/msbuild/2003">
  <ItemGroup>
    <ClCompile Include="src\context.cpp" />
    <ClCompile Include="src\winmain.cpp" />
    <ClCompile Include="src\core\sprites\animatedSprite.cpp" />
    <ClCompile Include="src\core\sprites\sprite.cpp" />
    <ClCompile Include="src\core\graphics\graphicsRenderer.cpp" />
    <ClCompile Include="src\core\graphics\texture.cpp" />
    <ClCompile Include="src\core\input\inputManager.cpp" />
    <ClCompile Include="src\core\resource\resourceManager.cpp" />
    <ClCompile Include="src\game\scene\scene.cpp" />
    <ClCompile Include="src\game\entity\gameEntity.cpp" />
    <ClCompile Include="src\game\scene\gameScene.cpp" />
    <ClCompile Include="src\game.cpp" />
    <ClCompile Include="src\game\entity\player.cpp" />
    <ClCompile Include="src\game\entity\dispenser.cpp" />
    <ClCompile Include="src\game\entity\counter.cpp" />
    <ClCompile Include="src\game\entity\dispenserArea.cpp" />
    <ClCompile Include="src\game\entity\counterArea.cpp" />
    <ClCompile Include="src\game\entity\trashBin.cpp" />
    <ClCompile Include="src\game\entity\trashBinArea.cpp" />
    <ClCompile Include="src\game\entity\vehicle.cpp" />
    <ClCompile Include="src\game\order\orderManager.cpp" />
    <ClCompile Include="src\game\scene\leaderboardScene.cpp" />
    <ClCompile Include="src\game\scene\sceneManager.cpp" />
    <ClCompile Include="src\game\scene\mainMenuScene.cpp" />
    <ClCompile Include="src\game\scene\levelSelectScene.cpp" />
    <ClCompile Include="src\game\scene\pausedMenuScene.cpp" />
    <ClCompile Include="src\core\text\text.cpp" />
    <ClCompile Include="src\game\hud\hud.cpp" />
    <ClCompile Include="src\game\hud\order\orderHud.cpp" />
    <ClCompile Include="src\game\hud\hand\handIndvHud.cpp" />
    <ClCompile Include="src\game\hud\hand\handCombHud.cpp" />
    <ClCompile Include="src\game\entity\counter\counterArea.cpp" />
    <ClCompile Include="src\game\entity\dispenser\dispenser.cpp" />
    <ClCompile Include="src\game\entity\dispenser\dispenserArea.cpp" />
    <ClCompile Include="src\game\entity\player\player.cpp" />
    <ClCompile Include="src\game\entity\player\playerHand.cpp" />
    <ClCompile Include="src\game\entity\trashBin\trashBinArea.cpp" />
    <ClCompile Include="src\game\entity\vehicle\vehicle.cpp" />
    <ClCompile Include="src\game\gameplay\order\orderManager.cpp" />
    <ClCompile Include="src\game\entity\prop.cpp" />
  </ItemGroup>
  <ItemGroup>
    <ClInclude Include="src\constants.h" />
    <ClInclude Include="src\context.h" />
    <ClInclude Include="src\core\sprites\animatedSprite.h" />
    <ClInclude Include="src\core\sprites\sprite.h" />
    <ClInclude Include="src\core\graphics\graphicsRenderer.h" />
    <ClInclude Include="src\core\graphics\texture.h" />
    <ClInclude Include="src\core\input\inputManager.h" />
    <ClInclude Include="src\core\resource\resourceManager.h" />
    <ClInclude Include="src\game\resources.h" />
    <ClInclude Include="src\core\gameException.h" />
    <ClInclude Include="src\game\scene\scene.h" />
    <ClInclude Include="src\game\entity\gameEntity.h" />
    <ClInclude Include="src\game\scene\gameScene.h" />
    <ClInclude Include="src\game.h" />
    <ClInclude Include="src\core\math.h" />
    <ClInclude Include="src\game\data\food.h" />
    <ClInclude Include="src\game\order\orderManager.h" />
    <ClInclude Include="src\game\scene\leaderboardScene.h" />
    <ClInclude Include="src\game\scene\sceneManager.h" />
    <ClInclude Include="src\game\scene\mainMenuScene.h" />
    <ClInclude Include="src\game\scene\levelSelectScene.h" />
    <ClInclude Include="src\game\scene\pausedMenuScene.h" />
    <ClInclude Include="src\core\text\text.h" />
    <ClInclude Include="src\core\graphics\font.h" />
    <ClInclude Include="src\game\order\order.h" />
    <ClInclude Include="src\game\hud\hud.h" />
    <ClInclude Include="src\game\hud\order\orderHud.h" />
    <ClInclude Include="src\game\hud\hand\handCombHud.h" />
    <ClInclude Include="src\game\hud\hand\handIndvHud.h" />
    <ClInclude Include="src\game\entity\counter\counterArea.h" />
    <ClInclude Include="src\game\entity\dispenser\dispenser.h" />
    <ClInclude Include="src\game\entity\dispenser\dispenserArea.h" />
    <ClInclude Include="src\game\entity\player\player.h" />
    <ClInclude Include="src\game\entity\player\playerHand.h" />
    <ClInclude Include="src\game\entity\trashBin\trashBinArea.h" />
    <ClInclude Include="src\game\entity\vehicle\vehicle.h" />
    <ClInclude Include="src\game\gameplay\order\order.h" />
    <ClInclude Include="src\game\gameplay\order\orderManager.h" />
    <ClInclude Include="src\game\entity\prop.h" />
    <ClInclude Include="src\game\data\gameSceneData.h" />
    <ClInclude Include="src\game\data\Layer.h" />
  </ItemGroup>
</Project>